
Microsoft Visual Studio Solution File, Format Version 12.00
# Visual Studio Version 17
VisualStudioVersion = 17.0.32126.317
MinimumVisualStudioVersion = 10.0.40219.1
Project("{FAE04EC0-301F-11D3-BF4B-00C04F79EFBC}") = "Contacts.MVC", "Contacts.MVC\Contacts.MVC.csproj", "{16AABF19-2DD5-482A-BC9A-19DA93BDC10C}"
EndProject
Project("{FAE04EC0-301F-11D3-BF4B-00C04F79EFBC}") = "Models", "Models\Models.csproj", "{52D671FB-909C-4212-94FF-AA729206821B}"
EndProject
Global
	GlobalSection(SolutionConfigurationPlatforms) = preSolution
		Debug|Any CPU = Debug|Any CPU
		Release|Any CPU = Release|Any CPU
	EndGlobalSection
	GlobalSection(ProjectConfigurationPlatforms) = postSolution
		{16AABF19-2DD5-482A-BC9A-19DA93BDC10C}.Debug|Any CPU.ActiveCfg = Debug|Any CPU
		{16AABF19-2DD5-482A-BC9A-19DA93BDC10C}.Debug|Any CPU.Build.0 = Debug|Any CPU
		{16AABF19-2DD5-482A-BC9A-19DA93BDC10C}.Release|Any CPU.ActiveCfg = Release|Any CPU
		{16AABF19-2DD5-482A-BC9A-19DA93BDC10C}.Release|Any CPU.Build.0 = Release|Any CPU
		{52D671FB-909C-4212-94FF-AA729206821B}.Debug|Any CPU.ActiveCfg = Debug|Any CPU
		{52D671FB-909C-4212-94FF-AA729206821B}.Debug|Any CPU.Build.0 = Debug|Any CPU
		{52D671FB-909C-4212-94FF-AA729206821B}.Release|Any CPU.ActiveCfg = Release|Any CPU
		{52D671FB-909C-4212-94FF-AA729206821B}.Release|Any CPU.Build.0 = Release|Any CPU
	EndGlobalSection
	GlobalSection(SolutionProperties) = preSolution
		HideSolutionNode = FALSE
	EndGlobalSection
	GlobalSection(ExtensibilityGlobals) = postSolution
		SolutionGuid = {EEF64A6F-005B-4333-80F4-8880F7145695}
	EndGlobalSection
EndGlobal
